// !$*UTF8*$!
{
	archiveVersion = 1;
	classes = {
	};
	objectVersion = 50;
	objects = {

/* Begin PBXBuildFile section */
		FC0BA0D9250B7A68005AE946 /* AppDelegate.swift in Sources */ = {isa = PBXBuildFile; fileRef = FC0BA0D8250B7A68005AE946 /* AppDelegate.swift */; };
		FC0BA0DD250B7A68005AE946 /* MainViewController.swift in Sources */ = {isa = PBXBuildFile; fileRef = FC0BA0DC250B7A68005AE946 /* MainViewController.swift */; };
		FC0BA0E0250B7A68005AE946 /* Main.storyboard in Resources */ = {isa = PBXBuildFile; fileRef = FC0BA0DE250B7A68005AE946 /* Main.storyboard */; };
		FC0BA0E2250B7A69005AE946 /* Assets.xcassets in Resources */ = {isa = PBXBuildFile; fileRef = FC0BA0E1250B7A69005AE946 /* Assets.xcassets */; };
		FC0BA0E5250B7A69005AE946 /* LaunchScreen.storyboard in Resources */ = {isa = PBXBuildFile; fileRef = FC0BA0E3250B7A69005AE946 /* LaunchScreen.storyboard */; };
		FC0BA0ED250B8911005AE946 /* AppState.swift in Sources */ = {isa = PBXBuildFile; fileRef = FC0BA0EC250B8911005AE946 /* AppState.swift */; };
		FC0BA0EF250B9675005AE946 /* ViewControllerState.swift in Sources */ = {isa = PBXBuildFile; fileRef = FC0BA0EE250B9675005AE946 /* ViewControllerState.swift */; };
		FC0BA0F4250B9DEA005AE946 /* StateLoggable.swift in Sources */ = {isa = PBXBuildFile; fileRef = FC0BA0F3250B9DEA005AE946 /* StateLoggable.swift */; };
		FC32038F2519E394000C2DD9 /* UserProfile.swift in Sources */ = {isa = PBXBuildFile; fileRef = FC32038E2519E394000C2DD9 /* UserProfile.swift */; };
		FC3203912519ED26000C2DD9 /* StateLoggingViewController.swift in Sources */ = {isa = PBXBuildFile; fileRef = FC3203902519ED26000C2DD9 /* StateLoggingViewController.swift */; };
		FC3CA9062514B08F00C7980E /* Profile.storyboard in Resources */ = {isa = PBXBuildFile; fileRef = FC3CA9052514B08F00C7980E /* Profile.storyboard */; };
		FC3CA90A2514B0DB00C7980E /* ProfileViewController.swift in Sources */ = {isa = PBXBuildFile; fileRef = FC3CA9092514B0DB00C7980E /* ProfileViewController.swift */; };
		FC4C59942520858A008F72C2 /* MessageCellModel.swift in Sources */ = {isa = PBXBuildFile; fileRef = FC4C59932520858A008F72C2 /* MessageCellModel.swift */; };
		FC4C599625208654008F72C2 /* ConversationViewController.swift in Sources */ = {isa = PBXBuildFile; fileRef = FC4C599525208654008F72C2 /* ConversationViewController.swift */; };
		FC4F20C1251FB70800F0A8AB /* DataGen.swift in Sources */ = {isa = PBXBuildFile; fileRef = FC4F20C0251FB70800F0A8AB /* DataGen.swift */; };
		FC5370362520B58700653A19 /* ConversationMessageTableViewCell.swift in Sources */ = {isa = PBXBuildFile; fileRef = FC5370352520B58700653A19 /* ConversationMessageTableViewCell.swift */; };
		FC82CC6E2519C9190041DFAE /* ImagePicker.swift in Sources */ = {isa = PBXBuildFile; fileRef = FC82CC6D2519C9190041DFAE /* ImagePicker.swift */; };
		FC82CC712519D61D0041DFAE /* AlertController.swift in Sources */ = {isa = PBXBuildFile; fileRef = FC82CC702519D61D0041DFAE /* AlertController.swift */; };
		FC82CC742519D9DE0041DFAE /* ProfileImageView.swift in Sources */ = {isa = PBXBuildFile; fileRef = FC82CC732519D9DE0041DFAE /* ProfileImageView.swift */; };
		FC96CBF02518AC910036E085 /* ImageManager.swift in Sources */ = {isa = PBXBuildFile; fileRef = FC96CBEF2518AC910036E085 /* ImageManager.swift */; };
		FCAC8A8C251E60960085E686 /* ConfigurableView.swift in Sources */ = {isa = PBXBuildFile; fileRef = FCAC8A8B251E60960085E686 /* ConfigurableView.swift */; };
		FCEE4B3D251D151A00911B5C /* ConversationsListViewController.swift in Sources */ = {isa = PBXBuildFile; fileRef = FCEE4B3C251D151A00911B5C /* ConversationsListViewController.swift */; };
		FCEE4B40251D210100911B5C /* ConversationCell.swift in Sources */ = {isa = PBXBuildFile; fileRef = FCEE4B3F251D210100911B5C /* ConversationCell.swift */; };
		FCEE4B42251D267C00911B5C /* ConversationTableViewCell.swift in Sources */ = {isa = PBXBuildFile; fileRef = FCEE4B41251D267C00911B5C /* ConversationTableViewCell.swift */; };
/* End PBXBuildFile section */

/* Begin PBXFileReference section */
		FC0BA0D5250B7A68005AE946 /* t-chat.app */ = {isa = PBXFileReference; explicitFileType = wrapper.application; includeInIndex = 0; path = "t-chat.app"; sourceTree = BUILT_PRODUCTS_DIR; };
		FC0BA0D8250B7A68005AE946 /* AppDelegate.swift */ = {isa = PBXFileReference; lastKnownFileType = sourcecode.swift; path = AppDelegate.swift; sourceTree = "<group>"; };
		FC0BA0DC250B7A68005AE946 /* MainViewController.swift */ = {isa = PBXFileReference; lastKnownFileType = sourcecode.swift; path = MainViewController.swift; sourceTree = "<group>"; };
		FC0BA0DF250B7A68005AE946 /* Base */ = {isa = PBXFileReference; lastKnownFileType = file.storyboard; name = Base; path = Base.lproj/Main.storyboard; sourceTree = "<group>"; };
		FC0BA0E1250B7A69005AE946 /* Assets.xcassets */ = {isa = PBXFileReference; lastKnownFileType = folder.assetcatalog; path = Assets.xcassets; sourceTree = "<group>"; };
		FC0BA0E4250B7A69005AE946 /* Base */ = {isa = PBXFileReference; lastKnownFileType = file.storyboard; name = Base; path = Base.lproj/LaunchScreen.storyboard; sourceTree = "<group>"; };
		FC0BA0E6250B7A69005AE946 /* Info.plist */ = {isa = PBXFileReference; lastKnownFileType = text.plist.xml; path = Info.plist; sourceTree = "<group>"; };
		FC0BA0EC250B8911005AE946 /* AppState.swift */ = {isa = PBXFileReference; lastKnownFileType = sourcecode.swift; path = AppState.swift; sourceTree = "<group>"; };
		FC0BA0EE250B9675005AE946 /* ViewControllerState.swift */ = {isa = PBXFileReference; lastKnownFileType = sourcecode.swift; path = ViewControllerState.swift; sourceTree = "<group>"; };
		FC0BA0F3250B9DEA005AE946 /* StateLoggable.swift */ = {isa = PBXFileReference; lastKnownFileType = sourcecode.swift; path = StateLoggable.swift; sourceTree = "<group>"; };
		FC32038E2519E394000C2DD9 /* UserProfile.swift */ = {isa = PBXFileReference; lastKnownFileType = sourcecode.swift; path = UserProfile.swift; sourceTree = "<group>"; };
		FC3203902519ED26000C2DD9 /* StateLoggingViewController.swift */ = {isa = PBXFileReference; lastKnownFileType = sourcecode.swift; path = StateLoggingViewController.swift; sourceTree = "<group>"; };
		FC3CA9052514B08F00C7980E /* Profile.storyboard */ = {isa = PBXFileReference; lastKnownFileType = file.storyboard; path = Profile.storyboard; sourceTree = "<group>"; };
		FC3CA9092514B0DB00C7980E /* ProfileViewController.swift */ = {isa = PBXFileReference; lastKnownFileType = sourcecode.swift; path = ProfileViewController.swift; sourceTree = "<group>"; };
		FC4C59932520858A008F72C2 /* MessageCellModel.swift */ = {isa = PBXFileReference; lastKnownFileType = sourcecode.swift; path = MessageCellModel.swift; sourceTree = "<group>"; };
		FC4C599525208654008F72C2 /* ConversationViewController.swift */ = {isa = PBXFileReference; lastKnownFileType = sourcecode.swift; path = ConversationViewController.swift; sourceTree = "<group>"; };
		FC4F20C0251FB70800F0A8AB /* DataGen.swift */ = {isa = PBXFileReference; lastKnownFileType = sourcecode.swift; path = DataGen.swift; sourceTree = "<group>"; };
		FC5370352520B58700653A19 /* ConversationMessageTableViewCell.swift */ = {isa = PBXFileReference; lastKnownFileType = sourcecode.swift; path = ConversationMessageTableViewCell.swift; sourceTree = "<group>"; };
		FC82CC6D2519C9190041DFAE /* ImagePicker.swift */ = {isa = PBXFileReference; lastKnownFileType = sourcecode.swift; path = ImagePicker.swift; sourceTree = "<group>"; };
		FC82CC702519D61D0041DFAE /* AlertController.swift */ = {isa = PBXFileReference; lastKnownFileType = sourcecode.swift; path = AlertController.swift; sourceTree = "<group>"; };
		FC82CC732519D9DE0041DFAE /* ProfileImageView.swift */ = {isa = PBXFileReference; lastKnownFileType = sourcecode.swift; path = ProfileImageView.swift; sourceTree = "<group>"; };
		FC96CBEF2518AC910036E085 /* ImageManager.swift */ = {isa = PBXFileReference; lastKnownFileType = sourcecode.swift; path = ImageManager.swift; sourceTree = "<group>"; };
		FCAC8A8B251E60960085E686 /* ConfigurableView.swift */ = {isa = PBXFileReference; lastKnownFileType = sourcecode.swift; path = ConfigurableView.swift; sourceTree = "<group>"; };
		FCEE4B3C251D151A00911B5C /* ConversationsListViewController.swift */ = {isa = PBXFileReference; lastKnownFileType = sourcecode.swift; path = ConversationsListViewController.swift; sourceTree = "<group>"; };
		FCEE4B3F251D210100911B5C /* ConversationCell.swift */ = {isa = PBXFileReference; lastKnownFileType = sourcecode.swift; path = ConversationCell.swift; sourceTree = "<group>"; };
		FCEE4B41251D267C00911B5C /* ConversationTableViewCell.swift */ = {isa = PBXFileReference; lastKnownFileType = sourcecode.swift; path = ConversationTableViewCell.swift; sourceTree = "<group>"; };
/* End PBXFileReference section */

/* Begin PBXFrameworksBuildPhase section */
		FC0BA0D2250B7A68005AE946 /* Frameworks */ = {
			isa = PBXFrameworksBuildPhase;
			buildActionMask = 2147483647;
			files = (
			);
			runOnlyForDeploymentPostprocessing = 0;
		};
/* End PBXFrameworksBuildPhase section */

/* Begin PBXGroup section */
		FC0BA0CC250B7A67005AE946 = {
			isa = PBXGroup;
			children = (
				FC0BA0D7250B7A68005AE946 /* t-chat */,
				FC0BA0D6250B7A68005AE946 /* Products */,
			);
			sourceTree = "<group>";
		};
		FC0BA0D6250B7A68005AE946 /* Products */ = {
			isa = PBXGroup;
			children = (
				FC0BA0D5250B7A68005AE946 /* t-chat.app */,
			);
			name = Products;
			sourceTree = "<group>";
		};
		FC0BA0D7250B7A68005AE946 /* t-chat */ = {
			isa = PBXGroup;
			children = (
				FC4F20BF251FB6FC00F0A8AB /* Utils */,
				FCEE4B3E251D158400911B5C /* Main */,
				FC32038D2519E37E000C2DD9 /* Models */,
				FC82CC6F2519D5ED0041DFAE /* Views */,
				FC0BA0D8250B7A68005AE946 /* AppDelegate.swift */,
				FC0BA0E1250B7A69005AE946 /* Assets.xcassets */,
				FC0BA0E3250B7A69005AE946 /* LaunchScreen.storyboard */,
				FC0BA0E6250B7A69005AE946 /* Info.plist */,
			);
			path = "t-chat";
			sourceTree = "<group>";
		};
		FC32038D2519E37E000C2DD9 /* Models */ = {
			isa = PBXGroup;
			children = (
				FC0BA0EC250B8911005AE946 /* AppState.swift */,
				FC0BA0EE250B9675005AE946 /* ViewControllerState.swift */,
				FC32038E2519E394000C2DD9 /* UserProfile.swift */,
				FCEE4B3F251D210100911B5C /* ConversationCell.swift */,
				FC4C59932520858A008F72C2 /* MessageCellModel.swift */,
			);
			path = Models;
			sourceTree = "<group>";
		};
		FC3CA9082514B0C400C7980E /* Profile */ = {
			isa = PBXGroup;
			children = (
				FC3CA9052514B08F00C7980E /* Profile.storyboard */,
				FC3CA9092514B0DB00C7980E /* ProfileViewController.swift */,
			);
			path = Profile;
			sourceTree = "<group>";
		};
		FC4C59922520854B008F72C2 /* Conversation */ = {
			isa = PBXGroup;
			children = (
				FC4C599525208654008F72C2 /* ConversationViewController.swift */,
				FC5370352520B58700653A19 /* ConversationMessageTableViewCell.swift */,
			);
			path = Conversation;
			sourceTree = "<group>";
		};
		FC4F20BF251FB6FC00F0A8AB /* Utils */ = {
			isa = PBXGroup;
			children = (
				FC0BA0F3250B9DEA005AE946 /* StateLoggable.swift */,
				FC96CBEF2518AC910036E085 /* ImageManager.swift */,
				FC82CC6D2519C9190041DFAE /* ImagePicker.swift */,
				FC3203902519ED26000C2DD9 /* StateLoggingViewController.swift */,
				FC4F20C0251FB70800F0A8AB /* DataGen.swift */,
			);
			path = Utils;
			sourceTree = "<group>";
		};
		FC82CC6F2519D5ED0041DFAE /* Views */ = {
			isa = PBXGroup;
			children = (
				FCEE4B39251D14BC00911B5C /* ConversationsList */,
				FC4C59922520854B008F72C2 /* Conversation */,
				FC3CA9082514B0C400C7980E /* Profile */,
				FC82CC702519D61D0041DFAE /* AlertController.swift */,
				FC82CC732519D9DE0041DFAE /* ProfileImageView.swift */,
				FCAC8A8B251E60960085E686 /* ConfigurableView.swift */,
			);
			path = Views;
			sourceTree = "<group>";
		};
		FCEE4B39251D14BC00911B5C /* ConversationsList */ = {
			isa = PBXGroup;
			children = (
				FCEE4B3C251D151A00911B5C /* ConversationsListViewController.swift */,
				FCEE4B41251D267C00911B5C /* ConversationTableViewCell.swift */,
			);
			path = ConversationsList;
			sourceTree = "<group>";
		};
		FCEE4B3E251D158400911B5C /* Main */ = {
			isa = PBXGroup;
			children = (
				FC0BA0DC250B7A68005AE946 /* MainViewController.swift */,
				FC0BA0DE250B7A68005AE946 /* Main.storyboard */,
			);
			path = Main;
			sourceTree = "<group>";
		};
/* End PBXGroup section */

/* Begin PBXNativeTarget section */
		FC0BA0D4250B7A68005AE946 /* t-chat */ = {
			isa = PBXNativeTarget;
			buildConfigurationList = FC0BA0E9250B7A69005AE946 /* Build configuration list for PBXNativeTarget "t-chat" */;
			buildPhases = (
				FC0BA0D1250B7A68005AE946 /* Sources */,
				FC0BA0D2250B7A68005AE946 /* Frameworks */,
				FC0BA0D3250B7A68005AE946 /* Resources */,
			);
			buildRules = (
			);
			dependencies = (
			);
			name = "t-chat";
			productName = "t-chat";
			productReference = FC0BA0D5250B7A68005AE946 /* t-chat.app */;
			productType = "com.apple.product-type.application";
		};
/* End PBXNativeTarget section */

/* Begin PBXProject section */
		FC0BA0CD250B7A67005AE946 /* Project object */ = {
			isa = PBXProject;
			attributes = {
				LastSwiftUpdateCheck = 1160;
				LastUpgradeCheck = 1160;
				ORGANIZATIONNAME = "Артур Гнедой";
				TargetAttributes = {
					FC0BA0D4250B7A68005AE946 = {
						CreatedOnToolsVersion = 11.6;
					};
				};
			};
			buildConfigurationList = FC0BA0D0250B7A68005AE946 /* Build configuration list for PBXProject "t-chat" */;
			compatibilityVersion = "Xcode 9.3";
			developmentRegion = en;
			hasScannedForEncodings = 0;
			knownRegions = (
				en,
				Base,
			);
			mainGroup = FC0BA0CC250B7A67005AE946;
			productRefGroup = FC0BA0D6250B7A68005AE946 /* Products */;
			projectDirPath = "";
			projectRoot = "";
			targets = (
				FC0BA0D4250B7A68005AE946 /* t-chat */,
			);
		};
/* End PBXProject section */

/* Begin PBXResourcesBuildPhase section */
		FC0BA0D3250B7A68005AE946 /* Resources */ = {
			isa = PBXResourcesBuildPhase;
			buildActionMask = 2147483647;
			files = (
				FC0BA0E5250B7A69005AE946 /* LaunchScreen.storyboard in Resources */,
				FC3CA9062514B08F00C7980E /* Profile.storyboard in Resources */,
				FC0BA0E2250B7A69005AE946 /* Assets.xcassets in Resources */,
				FC0BA0E0250B7A68005AE946 /* Main.storyboard in Resources */,
			);
			runOnlyForDeploymentPostprocessing = 0;
		};
/* End PBXResourcesBuildPhase section */

/* Begin PBXSourcesBuildPhase section */
		FC0BA0D1250B7A68005AE946 /* Sources */ = {
			isa = PBXSourcesBuildPhase;
			buildActionMask = 2147483647;
			files = (
				FC3203912519ED26000C2DD9 /* StateLoggingViewController.swift in Sources */,
				FC0BA0EF250B9675005AE946 /* ViewControllerState.swift in Sources */,
				FC4C599625208654008F72C2 /* ConversationViewController.swift in Sources */,
				FC0BA0DD250B7A68005AE946 /* MainViewController.swift in Sources */,
				FC3CA90A2514B0DB00C7980E /* ProfileViewController.swift in Sources */,
				FC4F20C1251FB70800F0A8AB /* DataGen.swift in Sources */,
				FC82CC742519D9DE0041DFAE /* ProfileImageView.swift in Sources */,
				FC5370362520B58700653A19 /* ConversationMessageTableViewCell.swift in Sources */,
				FC4C59942520858A008F72C2 /* MessageCellModel.swift in Sources */,
				FCEE4B3D251D151A00911B5C /* ConversationsListViewController.swift in Sources */,
				FC82CC6E2519C9190041DFAE /* ImagePicker.swift in Sources */,
				FC96CBF02518AC910036E085 /* ImageManager.swift in Sources */,
				FCEE4B42251D267C00911B5C /* ConversationTableViewCell.swift in Sources */,
				FC0BA0F4250B9DEA005AE946 /* StateLoggable.swift in Sources */,
				FC32038F2519E394000C2DD9 /* UserProfile.swift in Sources */,
				FC0BA0ED250B8911005AE946 /* AppState.swift in Sources */,
				FCAC8A8C251E60960085E686 /* ConfigurableView.swift in Sources */,
				FC0BA0D9250B7A68005AE946 /* AppDelegate.swift in Sources */,
				FC82CC712519D61D0041DFAE /* AlertController.swift in Sources */,
				FCEE4B40251D210100911B5C /* ConversationCell.swift in Sources */,
			);
			runOnlyForDeploymentPostprocessing = 0;
		};
/* End PBXSourcesBuildPhase section */

/* Begin PBXVariantGroup section */
		FC0BA0DE250B7A68005AE946 /* Main.storyboard */ = {
			isa = PBXVariantGroup;
			children = (
				FC0BA0DF250B7A68005AE946 /* Base */,
			);
			name = Main.storyboard;
			sourceTree = "<group>";
		};
		FC0BA0E3250B7A69005AE946 /* LaunchScreen.storyboard */ = {
			isa = PBXVariantGroup;
			children = (
				FC0BA0E4250B7A69005AE946 /* Base */,
			);
			name = LaunchScreen.storyboard;
			sourceTree = "<group>";
		};
/* End PBXVariantGroup section */

/* Begin XCBuildConfiguration section */
		FC0BA0E7250B7A69005AE946 /* Debug */ = {
			isa = XCBuildConfiguration;
			buildSettings = {
				ALWAYS_SEARCH_USER_PATHS = NO;
				CLANG_ANALYZER_NONNULL = YES;
				CLANG_ANALYZER_NUMBER_OBJECT_CONVERSION = YES_AGGRESSIVE;
				CLANG_CXX_LANGUAGE_STANDARD = "gnu++14";
				CLANG_CXX_LIBRARY = "libc++";
				CLANG_ENABLE_MODULES = YES;
				CLANG_ENABLE_OBJC_ARC = YES;
				CLANG_ENABLE_OBJC_WEAK = YES;
				CLANG_WARN_BLOCK_CAPTURE_AUTORELEASING = YES;
				CLANG_WARN_BOOL_CONVERSION = YES;
				CLANG_WARN_COMMA = YES;
				CLANG_WARN_CONSTANT_CONVERSION = YES;
				CLANG_WARN_DEPRECATED_OBJC_IMPLEMENTATIONS = YES;
				CLANG_WARN_DIRECT_OBJC_ISA_USAGE = YES_ERROR;
				CLANG_WARN_DOCUMENTATION_COMMENTS = YES;
				CLANG_WARN_EMPTY_BODY = YES;
				CLANG_WARN_ENUM_CONVERSION = YES;
				CLANG_WARN_INFINITE_RECURSION = YES;
				CLANG_WARN_INT_CONVERSION = YES;
				CLANG_WARN_NON_LITERAL_NULL_CONVERSION = YES;
				CLANG_WARN_OBJC_IMPLICIT_RETAIN_SELF = YES;
				CLANG_WARN_OBJC_LITERAL_CONVERSION = YES;
				CLANG_WARN_OBJC_ROOT_CLASS = YES_ERROR;
				CLANG_WARN_RANGE_LOOP_ANALYSIS = YES;
				CLANG_WARN_STRICT_PROTOTYPES = YES;
				CLANG_WARN_SUSPICIOUS_MOVE = YES;
				CLANG_WARN_UNGUARDED_AVAILABILITY = YES_AGGRESSIVE;
				CLANG_WARN_UNREACHABLE_CODE = YES;
				CLANG_WARN__DUPLICATE_METHOD_MATCH = YES;
				COPY_PHASE_STRIP = NO;
				DEBUG_INFORMATION_FORMAT = dwarf;
				ENABLE_STRICT_OBJC_MSGSEND = YES;
				ENABLE_TESTABILITY = YES;
				GCC_C_LANGUAGE_STANDARD = gnu11;
				GCC_DYNAMIC_NO_PIC = NO;
				GCC_NO_COMMON_BLOCKS = YES;
				GCC_OPTIMIZATION_LEVEL = 0;
				GCC_PREPROCESSOR_DEFINITIONS = (
					"DEBUG=1",
					"$(inherited)",
				);
				GCC_WARN_64_TO_32_BIT_CONVERSION = YES;
				GCC_WARN_ABOUT_RETURN_TYPE = YES_ERROR;
				GCC_WARN_UNDECLARED_SELECTOR = YES;
				GCC_WARN_UNINITIALIZED_AUTOS = YES_AGGRESSIVE;
				GCC_WARN_UNUSED_FUNCTION = YES;
				GCC_WARN_UNUSED_VARIABLE = YES;
				IPHONEOS_DEPLOYMENT_TARGET = 12.0;
				MTL_ENABLE_DEBUG_INFO = INCLUDE_SOURCE;
				MTL_FAST_MATH = YES;
				ONLY_ACTIVE_ARCH = YES;
				SDKROOT = iphoneos;
				SWIFT_ACTIVE_COMPILATION_CONDITIONS = DEBUG;
				SWIFT_OPTIMIZATION_LEVEL = "-Onone";
			};
			name = Debug;
		};
		FC0BA0E8250B7A69005AE946 /* Release */ = {
			isa = XCBuildConfiguration;
			buildSettings = {
				ALWAYS_SEARCH_USER_PATHS = NO;
				CLANG_ANALYZER_NONNULL = YES;
				CLANG_ANALYZER_NUMBER_OBJECT_CONVERSION = YES_AGGRESSIVE;
				CLANG_CXX_LANGUAGE_STANDARD = "gnu++14";
				CLANG_CXX_LIBRARY = "libc++";
				CLANG_ENABLE_MODULES = YES;
				CLANG_ENABLE_OBJC_ARC = YES;
				CLANG_ENABLE_OBJC_WEAK = YES;
				CLANG_WARN_BLOCK_CAPTURE_AUTORELEASING = YES;
				CLANG_WARN_BOOL_CONVERSION = YES;
				CLANG_WARN_COMMA = YES;
				CLANG_WARN_CONSTANT_CONVERSION = YES;
				CLANG_WARN_DEPRECATED_OBJC_IMPLEMENTATIONS = YES;
				CLANG_WARN_DIRECT_OBJC_ISA_USAGE = YES_ERROR;
				CLANG_WARN_DOCUMENTATION_COMMENTS = YES;
				CLANG_WARN_EMPTY_BODY = YES;
				CLANG_WARN_ENUM_CONVERSION = YES;
				CLANG_WARN_INFINITE_RECURSION = YES;
				CLANG_WARN_INT_CONVERSION = YES;
				CLANG_WARN_NON_LITERAL_NULL_CONVERSION = YES;
				CLANG_WARN_OBJC_IMPLICIT_RETAIN_SELF = YES;
				CLANG_WARN_OBJC_LITERAL_CONVERSION = YES;
				CLANG_WARN_OBJC_ROOT_CLASS = YES_ERROR;
				CLANG_WARN_RANGE_LOOP_ANALYSIS = YES;
				CLANG_WARN_STRICT_PROTOTYPES = YES;
				CLANG_WARN_SUSPICIOUS_MOVE = YES;
				CLANG_WARN_UNGUARDED_AVAILABILITY = YES_AGGRESSIVE;
				CLANG_WARN_UNREACHABLE_CODE = YES;
				CLANG_WARN__DUPLICATE_METHOD_MATCH = YES;
				COPY_PHASE_STRIP = NO;
				DEBUG_INFORMATION_FORMAT = "dwarf-with-dsym";
				ENABLE_NS_ASSERTIONS = NO;
				ENABLE_STRICT_OBJC_MSGSEND = YES;
				GCC_C_LANGUAGE_STANDARD = gnu11;
				GCC_NO_COMMON_BLOCKS = YES;
				GCC_WARN_64_TO_32_BIT_CONVERSION = YES;
				GCC_WARN_ABOUT_RETURN_TYPE = YES_ERROR;
				GCC_WARN_UNDECLARED_SELECTOR = YES;
				GCC_WARN_UNINITIALIZED_AUTOS = YES_AGGRESSIVE;
				GCC_WARN_UNUSED_FUNCTION = YES;
				GCC_WARN_UNUSED_VARIABLE = YES;
				IPHONEOS_DEPLOYMENT_TARGET = 12.0;
				MTL_ENABLE_DEBUG_INFO = NO;
				MTL_FAST_MATH = YES;
				SDKROOT = iphoneos;
				SWIFT_COMPILATION_MODE = wholemodule;
				SWIFT_OPTIMIZATION_LEVEL = "-O";
				VALIDATE_PRODUCT = YES;
			};
			name = Release;
		};
		FC0BA0EA250B7A69005AE946 /* Debug */ = {
			isa = XCBuildConfiguration;
			buildSettings = {
				ASSETCATALOG_COMPILER_APPICON_NAME = AppIcon;
				CODE_SIGN_STYLE = Automatic;
				DEVELOPMENT_TEAM = W2U2ZYHHAY;
				INFOPLIST_FILE = "t-chat/Info.plist";
				IPHONEOS_DEPLOYMENT_TARGET = 12.0;
				LD_RUNPATH_SEARCH_PATHS = (
					"$(inherited)",
					"@executable_path/Frameworks",
				);
				PRODUCT_BUNDLE_IDENTIFIER = "com.example.t-chat";
				PRODUCT_NAME = "$(TARGET_NAME)";
				SWIFT_VERSION = 5.0;
				TARGETED_DEVICE_FAMILY = 1;
			};
			name = Debug;
		};
		FC0BA0EB250B7A69005AE946 /* Release */ = {
			isa = XCBuildConfiguration;
			buildSettings = {
				ASSETCATALOG_COMPILER_APPICON_NAME = AppIcon;
				CODE_SIGN_STYLE = Automatic;
				DEVELOPMENT_TEAM = W2U2ZYHHAY;
				INFOPLIST_FILE = "t-chat/Info.plist";
				IPHONEOS_DEPLOYMENT_TARGET = 12.0;
				LD_RUNPATH_SEARCH_PATHS = (
					"$(inherited)",
					"@executable_path/Frameworks",
				);
				PRODUCT_BUNDLE_IDENTIFIER = "com.example.t-chat";
				PRODUCT_NAME = "$(TARGET_NAME)";
				SWIFT_VERSION = 5.0;
				TARGETED_DEVICE_FAMILY = 1;
			};
			name = Release;
		};
/* End XCBuildConfiguration section */

/* Begin XCConfigurationList section */
		FC0BA0D0250B7A68005AE946 /* Build configuration list for PBXProject "t-chat" */ = {
			isa = XCConfigurationList;
			buildConfigurations = (
				FC0BA0E7250B7A69005AE946 /* Debug */,
				FC0BA0E8250B7A69005AE946 /* Release */,
			);
			defaultConfigurationIsVisible = 0;
			defaultConfigurationName = Release;
		};
		FC0BA0E9250B7A69005AE946 /* Build configuration list for PBXNativeTarget "t-chat" */ = {
			isa = XCConfigurationList;
			buildConfigurations = (
				FC0BA0EA250B7A69005AE946 /* Debug */,
				FC0BA0EB250B7A69005AE946 /* Release */,
			);
			defaultConfigurationIsVisible = 0;
			defaultConfigurationName = Release;
		};
/* End XCConfigurationList section */
	};
	rootObject = FC0BA0CD250B7A67005AE946 /* Project object */;
}
